
Microsoft Visual Studio Solution File, Format Version 12.00
# Visual Studio Version 16
VisualStudioVersion = 16.0.31729.503
MinimumVisualStudioVersion = 10.0.40219.1
Project("{8BC9CEB8-8B4A-11D0-8D11-00A0C91BC942}") = "w3-cookie-checker", "w3-cookie-checker.vcxproj", "{CB875776-F2A4-4833-9EF9-7131D29D33E8}"
EndProject
Global
	GlobalSection(SolutionConfigurationPlatforms) = preSolution
		Debug|x64 = Debug|x64
		Release|x64 = Release|x64
	EndGlobalSection
	GlobalSection(ProjectConfigurationPlatforms) = postSolution
		{CB875776-F2A4-4833-9EF9-7131D29D33E8}.Debug|x64.ActiveCfg = Debug|x64
		{CB875776-F2A4-4833-9EF9-7131D29D33E8}.Debug|x64.Build.0 = Debug|x64
		{CB875776-F2A4-4833-9EF9-7131D29D33E8}.Release|x64.ActiveCfg = Release|x64
		{CB875776-F2A4-4833-9EF9-7131D29D33E8}.Release|x64.Build.0 = Release|x64
	EndGlobalSection
	GlobalSection(SolutionProperties) = preSolution
		HideSolutionNode = FALSE
	EndGlobalSection
	GlobalSection(ExtensibilityGlobals) = postSolution
		SolutionGuid = {74D92CB8-00E1-4138-AE9F-A19D7C059BBA}
	EndGlobalSection
EndGlobal
